
Microsoft Visual Studio Solution File, Format Version 12.00
# Visual Studio 15
VisualStudioVersion = 15.0.28307.106
MinimumVisualStudioVersion = 10.0.40219.1
Project("{FAE04EC0-301F-11D3-BF4B-00C04F79EFBC}") = "COM526_Week9", "COM526_Week9\COM526_Week9.csproj", "{9664F47A-669A-419F-8665-290B9A70C332}"
EndProject
Global
	GlobalSection(SolutionConfigurationPlatforms) = preSolution
		Debug|Any CPU = Debug|Any CPU
		Release|Any CPU = Release|Any CPU
	EndGlobalSection
	GlobalSection(ProjectConfigurationPlatforms) = postSolution
		{9664F47A-669A-419F-8665-290B9A70C332}.Debug|Any CPU.ActiveCfg = Debug|Any CPU
		{9664F47A-669A-419F-8665-290B9A70C332}.Debug|Any CPU.Build.0 = Debug|Any CPU
		{9664F47A-669A-419F-8665-290B9A70C332}.Release|Any CPU.ActiveCfg = Release|Any CPU
		{9664F47A-669A-419F-8665-290B9A70C332}.Release|Any CPU.Build.0 = Release|Any CPU
	EndGlobalSection
	GlobalSection(SolutionProperties) = preSolution
		HideSolutionNode = FALSE
	EndGlobalSection
	GlobalSection(ExtensibilityGlobals) = postSolution
		SolutionGuid = {177356AE-DE06-4671-BC23-D7CEF4799F18}
	EndGlobalSection
EndGlobal
