
Microsoft Visual Studio Solution File, Format Version 12.00
# Visual Studio 15
VisualStudioVersion = 15.0.28307.136
MinimumVisualStudioVersion = 10.0.40219.1
Project("{FAE04EC0-301F-11D3-BF4B-00C04F79EFBC}") = "Assignment_CC", "Assignment_CC\Assignment_CC.csproj", "{4215C96A-B7B3-4688-85A4-1908A735093F}"
EndProject
Global
	GlobalSection(SolutionConfigurationPlatforms) = preSolution
		Debug|Any CPU = Debug|Any CPU
		Release|Any CPU = Release|Any CPU
	EndGlobalSection
	GlobalSection(ProjectConfigurationPlatforms) = postSolution
		{4215C96A-B7B3-4688-85A4-1908A735093F}.Debug|Any CPU.ActiveCfg = Debug|Any CPU
		{4215C96A-B7B3-4688-85A4-1908A735093F}.Debug|Any CPU.Build.0 = Debug|Any CPU
		{4215C96A-B7B3-4688-85A4-1908A735093F}.Release|Any CPU.ActiveCfg = Release|Any CPU
		{4215C96A-B7B3-4688-85A4-1908A735093F}.Release|Any CPU.Build.0 = Release|Any CPU
	EndGlobalSection
	GlobalSection(SolutionProperties) = preSolution
		HideSolutionNode = FALSE
	EndGlobalSection
	GlobalSection(ExtensibilityGlobals) = postSolution
		SolutionGuid = {7A86F6B4-1B00-450E-BA2C-0E1E3F337761}
	EndGlobalSection
EndGlobal
